{
  "name": "import-lodash",
  "version": "1.0.1",
  "lockfileVersion": 1,
  "requires": true,
  "dependencies": {
    "lodash": {
      "version": "4.17.15",
      "resolved": "https://registry.npmjs.org/lodash/-/lodash-4.17.15.tgz",
      "integrity": "sha512-8xOcRHvCjnocdS5cpwXQXVzmmh5e5+saE2QGoeQmbKmRS6J3VQppPOIt0MnmE+4xlZoumy0GPG0D0MVIQbNA1A=="
    },
    "polymer": {
      "version": "github:Polymer/polymer#0d0522afad6701791d916f824ccbfb3df7aecb02",
      "from": "github:Polymer/polymer#v2.8.0"
    }
  }
}
